// !$*UTF8*$!
{
	archiveVersion = 1;
	classes = {
	};
	objectVersion = 55;
	objects = {

/* Begin PBXBuildFile section */
		4EF52BB61315C10FAAF0423E /* Pods_VIPER_DEMO.framework in Frameworks */ = {isa = PBXBuildFile; fileRef = 66287289DE8FD161E2FC35E3 /* Pods_VIPER_DEMO.framework */; };
		C4508BCC28BB68F300C17DB2 /* AppDelegate.swift in Sources */ = {isa = PBXBuildFile; fileRef = C4508BCB28BB68F300C17DB2 /* AppDelegate.swift */; };
		C4508BD528BB68F300C17DB2 /* Assets.xcassets in Resources */ = {isa = PBXBuildFile; fileRef = C4508BD428BB68F300C17DB2 /* Assets.xcassets */; };
		C4508BD828BB68F300C17DB2 /* LaunchScreen.storyboard in Resources */ = {isa = PBXBuildFile; fileRef = C4508BD628BB68F300C17DB2 /* LaunchScreen.storyboard */; };
		C4508BE328BB68F300C17DB2 /* VIPER_DEMOTests.swift in Sources */ = {isa = PBXBuildFile; fileRef = C4508BE228BB68F300C17DB2 /* VIPER_DEMOTests.swift */; };
		C4508BED28BB68F300C17DB2 /* VIPER_DEMOUITests.swift in Sources */ = {isa = PBXBuildFile; fileRef = C4508BEC28BB68F300C17DB2 /* VIPER_DEMOUITests.swift */; };
		C4508BEF28BB68F300C17DB2 /* VIPER_DEMOUITestsLaunchTests.swift in Sources */ = {isa = PBXBuildFile; fileRef = C4508BEE28BB68F300C17DB2 /* VIPER_DEMOUITestsLaunchTests.swift */; };
		C4508BFD28BB6A8300C17DB2 /* MatchVC.swift in Sources */ = {isa = PBXBuildFile; fileRef = C4508BFB28BB6A8300C17DB2 /* MatchVC.swift */; };
		C4508BFE28BB6A8300C17DB2 /* MatchVC.xib in Resources */ = {isa = PBXBuildFile; fileRef = C4508BFC28BB6A8300C17DB2 /* MatchVC.xib */; };
		C4508C0428BB70CD00C17DB2 /* playerTVC.swift in Sources */ = {isa = PBXBuildFile; fileRef = C4508C0228BB70CD00C17DB2 /* playerTVC.swift */; };
		C4508C0528BB70CD00C17DB2 /* playerTVC.xib in Resources */ = {isa = PBXBuildFile; fileRef = C4508C0328BB70CD00C17DB2 /* playerTVC.xib */; };
		C4508C0928BB771E00C17DB2 /* MatchVCModuleBuilder.swift in Sources */ = {isa = PBXBuildFile; fileRef = C4508C0828BB771E00C17DB2 /* MatchVCModuleBuilder.swift */; };
		C4508C0D28BB774E00C17DB2 /* MatchVCPresenter.swift in Sources */ = {isa = PBXBuildFile; fileRef = C4508C0C28BB774E00C17DB2 /* MatchVCPresenter.swift */; };
		C4508C0F28BB776500C17DB2 /* MatchVCRouter.swift in Sources */ = {isa = PBXBuildFile; fileRef = C4508C0E28BB776500C17DB2 /* MatchVCRouter.swift */; };
		C4508C1428BB785700C17DB2 /* NavigationBuilder.swift in Sources */ = {isa = PBXBuildFile; fileRef = C4508C1328BB785700C17DB2 /* NavigationBuilder.swift */; };
		C4508C1828BB78BB00C17DB2 /* ServerManager.swift in Sources */ = {isa = PBXBuildFile; fileRef = C4508C1728BB78BB00C17DB2 /* ServerManager.swift */; };
		C4508C1B28BB79D000C17DB2 /* AppConstants.swift in Sources */ = {isa = PBXBuildFile; fileRef = C4508C1A28BB79D000C17DB2 /* AppConstants.swift */; };
		C4508C2128BB7E9F00C17DB2 /* MatchInteractor.swift in Sources */ = {isa = PBXBuildFile; fileRef = C4508C2028BB7E9F00C17DB2 /* MatchInteractor.swift */; };
		C4508C2328BB7F2500C17DB2 /* MatchEntity.swift in Sources */ = {isa = PBXBuildFile; fileRef = C4508C2228BB7F2500C17DB2 /* MatchEntity.swift */; };
		C4508C2528BB7F7A00C17DB2 /* NewsDataManager.swift in Sources */ = {isa = PBXBuildFile; fileRef = C4508C2428BB7F7A00C17DB2 /* NewsDataManager.swift */; };
		C4508C2928BB8A0B00C17DB2 /* DetailsVC.swift in Sources */ = {isa = PBXBuildFile; fileRef = C4508C2728BB8A0B00C17DB2 /* DetailsVC.swift */; };
		C4508C2A28BB8A0B00C17DB2 /* DetailsVC.xib in Resources */ = {isa = PBXBuildFile; fileRef = C4508C2828BB8A0B00C17DB2 /* DetailsVC.xib */; };
		C4508C2C28BB8C3300C17DB2 /* DetailsModuleBuilder.swift in Sources */ = {isa = PBXBuildFile; fileRef = C4508C2B28BB8C3300C17DB2 /* DetailsModuleBuilder.swift */; };
		C4508C2E28BB8DA600C17DB2 /* DetailsViewPresenter.swift in Sources */ = {isa = PBXBuildFile; fileRef = C4508C2D28BB8DA600C17DB2 /* DetailsViewPresenter.swift */; };
		C4508C3028BB8DBA00C17DB2 /* DetailsRouter.swift in Sources */ = {isa = PBXBuildFile; fileRef = C4508C2F28BB8DBA00C17DB2 /* DetailsRouter.swift */; };
		C4508C3228BB8DCD00C17DB2 /* DetailsInteractor.swift in Sources */ = {isa = PBXBuildFile; fileRef = C4508C3128BB8DCD00C17DB2 /* DetailsInteractor.swift */; };
		EFA315DC439CA8437DFE3BAE /* Pods_VIPER_DEMO_VIPER_DEMOUITests.framework in Frameworks */ = {isa = PBXBuildFile; fileRef = 869CD198A4C13F6F1CFF5FBF /* Pods_VIPER_DEMO_VIPER_DEMOUITests.framework */; };
		F6EDAB7D90EB6860F67C3FB5 /* Pods_VIPER_DEMOTests.framework in Frameworks */ = {isa = PBXBuildFile; fileRef = BABADE208DA3D515886EBECE /* Pods_VIPER_DEMOTests.framework */; };
/* End PBXBuildFile section */

/* Begin PBXContainerItemProxy section */
		C4508BDF28BB68F300C17DB2 /* PBXContainerItemProxy */ = {
			isa = PBXContainerItemProxy;
			containerPortal = C4508BC028BB68F300C17DB2 /* Project object */;
			proxyType = 1;
			remoteGlobalIDString = C4508BC728BB68F300C17DB2;
			remoteInfo = "VIPER DEMO";
		};
		C4508BE928BB68F300C17DB2 /* PBXContainerItemProxy */ = {
			isa = PBXContainerItemProxy;
			containerPortal = C4508BC028BB68F300C17DB2 /* Project object */;
			proxyType = 1;
			remoteGlobalIDString = C4508BC728BB68F300C17DB2;
			remoteInfo = "VIPER DEMO";
		};
/* End PBXContainerItemProxy section */

/* Begin PBXFileReference section */
		406EA18E502C181BC0C3BDC9 /* Pods-VIPER DEMO-VIPER DEMOUITests.release.xcconfig */ = {isa = PBXFileReference; includeInIndex = 1; lastKnownFileType = text.xcconfig; name = "Pods-VIPER DEMO-VIPER DEMOUITests.release.xcconfig"; path = "Target Support Files/Pods-VIPER DEMO-VIPER DEMOUITests/Pods-VIPER DEMO-VIPER DEMOUITests.release.xcconfig"; sourceTree = "<group>"; };
		66287289DE8FD161E2FC35E3 /* Pods_VIPER_DEMO.framework */ = {isa = PBXFileReference; explicitFileType = wrapper.framework; includeInIndex = 0; path = Pods_VIPER_DEMO.framework; sourceTree = BUILT_PRODUCTS_DIR; };
		6A301021FD0C52DADBFD1F12 /* Pods-VIPER DEMO.release.xcconfig */ = {isa = PBXFileReference; includeInIndex = 1; lastKnownFileType = text.xcconfig; name = "Pods-VIPER DEMO.release.xcconfig"; path = "Target Support Files/Pods-VIPER DEMO/Pods-VIPER DEMO.release.xcconfig"; sourceTree = "<group>"; };
		74D113565D84DA3007CFB379 /* Pods-VIPER DEMO.debug.xcconfig */ = {isa = PBXFileReference; includeInIndex = 1; lastKnownFileType = text.xcconfig; name = "Pods-VIPER DEMO.debug.xcconfig"; path = "Target Support Files/Pods-VIPER DEMO/Pods-VIPER DEMO.debug.xcconfig"; sourceTree = "<group>"; };
		7DDA4E1B317875348CD6C122 /* Pods-VIPER DEMOTests.debug.xcconfig */ = {isa = PBXFileReference; includeInIndex = 1; lastKnownFileType = text.xcconfig; name = "Pods-VIPER DEMOTests.debug.xcconfig"; path = "Target Support Files/Pods-VIPER DEMOTests/Pods-VIPER DEMOTests.debug.xcconfig"; sourceTree = "<group>"; };
		869CD198A4C13F6F1CFF5FBF /* Pods_VIPER_DEMO_VIPER_DEMOUITests.framework */ = {isa = PBXFileReference; explicitFileType = wrapper.framework; includeInIndex = 0; path = Pods_VIPER_DEMO_VIPER_DEMOUITests.framework; sourceTree = BUILT_PRODUCTS_DIR; };
		BABADE208DA3D515886EBECE /* Pods_VIPER_DEMOTests.framework */ = {isa = PBXFileReference; explicitFileType = wrapper.framework; includeInIndex = 0; path = Pods_VIPER_DEMOTests.framework; sourceTree = BUILT_PRODUCTS_DIR; };
		C4508BC828BB68F300C17DB2 /* VIPER DEMO.app */ = {isa = PBXFileReference; explicitFileType = wrapper.application; includeInIndex = 0; path = "VIPER DEMO.app"; sourceTree = BUILT_PRODUCTS_DIR; };
		C4508BCB28BB68F300C17DB2 /* AppDelegate.swift */ = {isa = PBXFileReference; lastKnownFileType = sourcecode.swift; path = AppDelegate.swift; sourceTree = "<group>"; };
		C4508BD428BB68F300C17DB2 /* Assets.xcassets */ = {isa = PBXFileReference; lastKnownFileType = folder.assetcatalog; path = Assets.xcassets; sourceTree = "<group>"; };
		C4508BD728BB68F300C17DB2 /* Base */ = {isa = PBXFileReference; lastKnownFileType = file.storyboard; name = Base; path = Base.lproj/LaunchScreen.storyboard; sourceTree = "<group>"; };
		C4508BD928BB68F300C17DB2 /* Info.plist */ = {isa = PBXFileReference; lastKnownFileType = text.plist.xml; path = Info.plist; sourceTree = "<group>"; };
		C4508BDE28BB68F300C17DB2 /* VIPER DEMOTests.xctest */ = {isa = PBXFileReference; explicitFileType = wrapper.cfbundle; includeInIndex = 0; path = "VIPER DEMOTests.xctest"; sourceTree = BUILT_PRODUCTS_DIR; };
		C4508BE228BB68F300C17DB2 /* VIPER_DEMOTests.swift */ = {isa = PBXFileReference; lastKnownFileType = sourcecode.swift; path = VIPER_DEMOTests.swift; sourceTree = "<group>"; };
		C4508BE828BB68F300C17DB2 /* VIPER DEMOUITests.xctest */ = {isa = PBXFileReference; explicitFileType = wrapper.cfbundle; includeInIndex = 0; path = "VIPER DEMOUITests.xctest"; sourceTree = BUILT_PRODUCTS_DIR; };
		C4508BEC28BB68F300C17DB2 /* VIPER_DEMOUITests.swift */ = {isa = PBXFileReference; lastKnownFileType = sourcecode.swift; path = VIPER_DEMOUITests.swift; sourceTree = "<group>"; };
		C4508BEE28BB68F300C17DB2 /* VIPER_DEMOUITestsLaunchTests.swift */ = {isa = PBXFileReference; lastKnownFileType = sourcecode.swift; path = VIPER_DEMOUITestsLaunchTests.swift; sourceTree = "<group>"; };
		C4508BFB28BB6A8300C17DB2 /* MatchVC.swift */ = {isa = PBXFileReference; lastKnownFileType = sourcecode.swift; path = MatchVC.swift; sourceTree = "<group>"; };
		C4508BFC28BB6A8300C17DB2 /* MatchVC.xib */ = {isa = PBXFileReference; lastKnownFileType = file.xib; path = MatchVC.xib; sourceTree = "<group>"; };
		C4508C0228BB70CD00C17DB2 /* playerTVC.swift */ = {isa = PBXFileReference; lastKnownFileType = sourcecode.swift; path = playerTVC.swift; sourceTree = "<group>"; };
		C4508C0328BB70CD00C17DB2 /* playerTVC.xib */ = {isa = PBXFileReference; lastKnownFileType = file.xib; path = playerTVC.xib; sourceTree = "<group>"; };
		C4508C0828BB771E00C17DB2 /* MatchVCModuleBuilder.swift */ = {isa = PBXFileReference; lastKnownFileType = sourcecode.swift; path = MatchVCModuleBuilder.swift; sourceTree = "<group>"; };
		C4508C0C28BB774E00C17DB2 /* MatchVCPresenter.swift */ = {isa = PBXFileReference; lastKnownFileType = sourcecode.swift; path = MatchVCPresenter.swift; sourceTree = "<group>"; };
		C4508C0E28BB776500C17DB2 /* MatchVCRouter.swift */ = {isa = PBXFileReference; lastKnownFileType = sourcecode.swift; path = MatchVCRouter.swift; sourceTree = "<group>"; };
		C4508C1328BB785700C17DB2 /* NavigationBuilder.swift */ = {isa = PBXFileReference; lastKnownFileType = sourcecode.swift; path = NavigationBuilder.swift; sourceTree = "<group>"; };
		C4508C1728BB78BB00C17DB2 /* ServerManager.swift */ = {isa = PBXFileReference; lastKnownFileType = sourcecode.swift; path = ServerManager.swift; sourceTree = "<group>"; };
		C4508C1A28BB79D000C17DB2 /* AppConstants.swift */ = {isa = PBXFileReference; lastKnownFileType = sourcecode.swift; path = AppConstants.swift; sourceTree = "<group>"; };
		C4508C2028BB7E9F00C17DB2 /* MatchInteractor.swift */ = {isa = PBXFileReference; lastKnownFileType = sourcecode.swift; path = MatchInteractor.swift; sourceTree = "<group>"; };
		C4508C2228BB7F2500C17DB2 /* MatchEntity.swift */ = {isa = PBXFileReference; lastKnownFileType = sourcecode.swift; path = MatchEntity.swift; sourceTree = "<group>"; };
		C4508C2428BB7F7A00C17DB2 /* NewsDataManager.swift */ = {isa = PBXFileReference; lastKnownFileType = sourcecode.swift; path = NewsDataManager.swift; sourceTree = "<group>"; };
		C4508C2728BB8A0B00C17DB2 /* DetailsVC.swift */ = {isa = PBXFileReference; lastKnownFileType = sourcecode.swift; path = DetailsVC.swift; sourceTree = "<group>"; };
		C4508C2828BB8A0B00C17DB2 /* DetailsVC.xib */ = {isa = PBXFileReference; lastKnownFileType = file.xib; path = DetailsVC.xib; sourceTree = "<group>"; };
		C4508C2B28BB8C3300C17DB2 /* DetailsModuleBuilder.swift */ = {isa = PBXFileReference; lastKnownFileType = sourcecode.swift; path = DetailsModuleBuilder.swift; sourceTree = "<group>"; };
		C4508C2D28BB8DA600C17DB2 /* DetailsViewPresenter.swift */ = {isa = PBXFileReference; lastKnownFileType = sourcecode.swift; path = DetailsViewPresenter.swift; sourceTree = "<group>"; };
		C4508C2F28BB8DBA00C17DB2 /* DetailsRouter.swift */ = {isa = PBXFileReference; lastKnownFileType = sourcecode.swift; path = DetailsRouter.swift; sourceTree = "<group>"; };
		C4508C3128BB8DCD00C17DB2 /* DetailsInteractor.swift */ = {isa = PBXFileReference; lastKnownFileType = sourcecode.swift; path = DetailsInteractor.swift; sourceTree = "<group>"; };
		DB23C00A5FB35F2CA252122A /* Pods-VIPER DEMOTests.release.xcconfig */ = {isa = PBXFileReference; includeInIndex = 1; lastKnownFileType = text.xcconfig; name = "Pods-VIPER DEMOTests.release.xcconfig"; path = "Target Support Files/Pods-VIPER DEMOTests/Pods-VIPER DEMOTests.release.xcconfig"; sourceTree = "<group>"; };
		F17E5610E2A0E6B28011D4E9 /* Pods-VIPER DEMO-VIPER DEMOUITests.debug.xcconfig */ = {isa = PBXFileReference; includeInIndex = 1; lastKnownFileType = text.xcconfig; name = "Pods-VIPER DEMO-VIPER DEMOUITests.debug.xcconfig"; path = "Target Support Files/Pods-VIPER DEMO-VIPER DEMOUITests/Pods-VIPER DEMO-VIPER DEMOUITests.debug.xcconfig"; sourceTree = "<group>"; };
/* End PBXFileReference section */

/* Begin PBXFrameworksBuildPhase section */
		C4508BC528BB68F300C17DB2 /* Frameworks */ = {
			isa = PBXFrameworksBuildPhase;
			buildActionMask = 2147483647;
			files = (
				4EF52BB61315C10FAAF0423E /* Pods_VIPER_DEMO.framework in Frameworks */,
			);
			runOnlyForDeploymentPostprocessing = 0;
		};
		C4508BDB28BB68F300C17DB2 /* Frameworks */ = {
			isa = PBXFrameworksBuildPhase;
			buildActionMask = 2147483647;
			files = (
				F6EDAB7D90EB6860F67C3FB5 /* Pods_VIPER_DEMOTests.framework in Frameworks */,
			);
			runOnlyForDeploymentPostprocessing = 0;
		};
		C4508BE528BB68F300C17DB2 /* Frameworks */ = {
			isa = PBXFrameworksBuildPhase;
			buildActionMask = 2147483647;
			files = (
				EFA315DC439CA8437DFE3BAE /* Pods_VIPER_DEMO_VIPER_DEMOUITests.framework in Frameworks */,
			);
			runOnlyForDeploymentPostprocessing = 0;
		};
/* End PBXFrameworksBuildPhase section */

/* Begin PBXGroup section */
		C4508BBF28BB68F300C17DB2 = {
			isa = PBXGroup;
			children = (
				C4508BCA28BB68F300C17DB2 /* VIPER DEMO */,
				C4508BE128BB68F300C17DB2 /* VIPER DEMOTests */,
				C4508BEB28BB68F300C17DB2 /* VIPER DEMOUITests */,
				C4508BC928BB68F300C17DB2 /* Products */,
				E71BC287A97CA25DF7DE50A1 /* Pods */,
				FF17FDC23CA53D3703EC3E8A /* Frameworks */,
			);
			sourceTree = "<group>";
		};
		C4508BC928BB68F300C17DB2 /* Products */ = {
			isa = PBXGroup;
			children = (
				C4508BC828BB68F300C17DB2 /* VIPER DEMO.app */,
				C4508BDE28BB68F300C17DB2 /* VIPER DEMOTests.xctest */,
				C4508BE828BB68F300C17DB2 /* VIPER DEMOUITests.xctest */,
			);
			name = Products;
			sourceTree = "<group>";
		};
		C4508BCA28BB68F300C17DB2 /* VIPER DEMO */ = {
			isa = PBXGroup;
			children = (
				C4508C1228BB783A00C17DB2 /* Helpers */,
				C4508C1528BB789300C17DB2 /* Networking */,
				C4508BFF28BB6F6300C17DB2 /* Modules */,
				C4508BCB28BB68F300C17DB2 /* AppDelegate.swift */,
				C4508BD428BB68F300C17DB2 /* Assets.xcassets */,
				C4508BD628BB68F300C17DB2 /* LaunchScreen.storyboard */,
				C4508BD928BB68F300C17DB2 /* Info.plist */,
			);
			path = "VIPER DEMO";
			sourceTree = "<group>";
		};
		C4508BE128BB68F300C17DB2 /* VIPER DEMOTests */ = {
			isa = PBXGroup;
			children = (
				C4508BE228BB68F300C17DB2 /* VIPER_DEMOTests.swift */,
			);
			path = "VIPER DEMOTests";
			sourceTree = "<group>";
		};
		C4508BEB28BB68F300C17DB2 /* VIPER DEMOUITests */ = {
			isa = PBXGroup;
			children = (
				C4508BEC28BB68F300C17DB2 /* VIPER_DEMOUITests.swift */,
				C4508BEE28BB68F300C17DB2 /* VIPER_DEMOUITestsLaunchTests.swift */,
			);
			path = "VIPER DEMOUITests";
			sourceTree = "<group>";
		};
		C4508BFF28BB6F6300C17DB2 /* Modules */ = {
			isa = PBXGroup;
			children = (
				C4508C2628BB89C200C17DB2 /* NewsDetails */,
				C4508C0028BB6F8E00C17DB2 /* NewsHome */,
			);
			path = Modules;
			sourceTree = "<group>";
		};
		C4508C0028BB6F8E00C17DB2 /* NewsHome */ = {
			isa = PBXGroup;
			children = (
				C4508C0128BB709600C17DB2 /* Cells */,
				C4508BFB28BB6A8300C17DB2 /* MatchVC.swift */,
				C4508BFC28BB6A8300C17DB2 /* MatchVC.xib */,
				C4508C0C28BB774E00C17DB2 /* MatchVCPresenter.swift */,
				C4508C0828BB771E00C17DB2 /* MatchVCModuleBuilder.swift */,
				C4508C0E28BB776500C17DB2 /* MatchVCRouter.swift */,
				C4508C2028BB7E9F00C17DB2 /* MatchInteractor.swift */,
				C4508C2228BB7F2500C17DB2 /* MatchEntity.swift */,
			);
			path = NewsHome;
			sourceTree = "<group>";
		};
		C4508C0128BB709600C17DB2 /* Cells */ = {
			isa = PBXGroup;
			children = (
				C4508C0228BB70CD00C17DB2 /* playerTVC.swift */,
				C4508C0328BB70CD00C17DB2 /* playerTVC.xib */,
			);
			path = Cells;
			sourceTree = "<group>";
		};
		C4508C1228BB783A00C17DB2 /* Helpers */ = {
			isa = PBXGroup;
			children = (
				C4508C1928BB79BD00C17DB2 /* AppConstants */,
				C4508C1628BB78A200C17DB2 /* Navigation */,
			);
			path = Helpers;
			sourceTree = "<group>";
		};
		C4508C1528BB789300C17DB2 /* Networking */ = {
			isa = PBXGroup;
			children = (
				C4508C1728BB78BB00C17DB2 /* ServerManager.swift */,
				C4508C2428BB7F7A00C17DB2 /* NewsDataManager.swift */,
			);
			path = Networking;
			sourceTree = "<group>";
		};
		C4508C1628BB78A200C17DB2 /* Navigation */ = {
			isa = PBXGroup;
			children = (
				C4508C1328BB785700C17DB2 /* NavigationBuilder.swift */,
			);
			path = Navigation;
			sourceTree = "<group>";
		};
		C4508C1928BB79BD00C17DB2 /* AppConstants */ = {
			isa = PBXGroup;
			children = (
				C4508C1A28BB79D000C17DB2 /* AppConstants.swift */,
			);
			path = AppConstants;
			sourceTree = "<group>";
		};
		C4508C2628BB89C200C17DB2 /* NewsDetails */ = {
			isa = PBXGroup;
			children = (
				C4508C2728BB8A0B00C17DB2 /* DetailsVC.swift */,
				C4508C2828BB8A0B00C17DB2 /* DetailsVC.xib */,
				C4508C2B28BB8C3300C17DB2 /* DetailsModuleBuilder.swift */,
				C4508C2D28BB8DA600C17DB2 /* DetailsViewPresenter.swift */,
				C4508C2F28BB8DBA00C17DB2 /* DetailsRouter.swift */,
				C4508C3128BB8DCD00C17DB2 /* DetailsInteractor.swift */,
			);
			path = NewsDetails;
			sourceTree = "<group>";
		};
		E71BC287A97CA25DF7DE50A1 /* Pods */ = {
			isa = PBXGroup;
			children = (
				74D113565D84DA3007CFB379 /* Pods-VIPER DEMO.debug.xcconfig */,
				6A301021FD0C52DADBFD1F12 /* Pods-VIPER DEMO.release.xcconfig */,
				F17E5610E2A0E6B28011D4E9 /* Pods-VIPER DEMO-VIPER DEMOUITests.debug.xcconfig */,
				406EA18E502C181BC0C3BDC9 /* Pods-VIPER DEMO-VIPER DEMOUITests.release.xcconfig */,
				7DDA4E1B317875348CD6C122 /* Pods-VIPER DEMOTests.debug.xcconfig */,
				DB23C00A5FB35F2CA252122A /* Pods-VIPER DEMOTests.release.xcconfig */,
			);
			path = Pods;
			sourceTree = "<group>";
		};
		FF17FDC23CA53D3703EC3E8A /* Frameworks */ = {
			isa = PBXGroup;
			children = (
				66287289DE8FD161E2FC35E3 /* Pods_VIPER_DEMO.framework */,
				869CD198A4C13F6F1CFF5FBF /* Pods_VIPER_DEMO_VIPER_DEMOUITests.framework */,
				BABADE208DA3D515886EBECE /* Pods_VIPER_DEMOTests.framework */,
			);
			name = Frameworks;
			sourceTree = "<group>";
		};
/* End PBXGroup section */

/* Begin PBXNativeTarget section */
		C4508BC728BB68F300C17DB2 /* VIPER DEMO */ = {
			isa = PBXNativeTarget;
			buildConfigurationList = C4508BF228BB68F300C17DB2 /* Build configuration list for PBXNativeTarget "VIPER DEMO" */;
			buildPhases = (
				6750F1746608523E78A18515 /* [CP] Check Pods Manifest.lock */,
				C4508BC428BB68F300C17DB2 /* Sources */,
				C4508BC528BB68F300C17DB2 /* Frameworks */,
				C4508BC628BB68F300C17DB2 /* Resources */,
				458E046AD6009DD730E06436 /* [CP] Embed Pods Frameworks */,
			);
			buildRules = (
			);
			dependencies = (
			);
			name = "VIPER DEMO";
			productName = "VIPER DEMO";
			productReference = C4508BC828BB68F300C17DB2 /* VIPER DEMO.app */;
			productType = "com.apple.product-type.application";
		};
		C4508BDD28BB68F300C17DB2 /* VIPER DEMOTests */ = {
			isa = PBXNativeTarget;
			buildConfigurationList = C4508BF528BB68F300C17DB2 /* Build configuration list for PBXNativeTarget "VIPER DEMOTests" */;
			buildPhases = (
				03D3F4918849F75E6D3475EC /* [CP] Check Pods Manifest.lock */,
				C4508BDA28BB68F300C17DB2 /* Sources */,
				C4508BDB28BB68F300C17DB2 /* Frameworks */,
				C4508BDC28BB68F300C17DB2 /* Resources */,
			);
			buildRules = (
			);
			dependencies = (
				C4508BE028BB68F300C17DB2 /* PBXTargetDependency */,
			);
			name = "VIPER DEMOTests";
			productName = "VIPER DEMOTests";
			productReference = C4508BDE28BB68F300C17DB2 /* VIPER DEMOTests.xctest */;
			productType = "com.apple.product-type.bundle.unit-test";
		};
		C4508BE728BB68F300C17DB2 /* VIPER DEMOUITests */ = {
			isa = PBXNativeTarget;
			buildConfigurationList = C4508BF828BB68F300C17DB2 /* Build configuration list for PBXNativeTarget "VIPER DEMOUITests" */;
			buildPhases = (
				54A8F1354CCBEEB6752C6A79 /* [CP] Check Pods Manifest.lock */,
				C4508BE428BB68F300C17DB2 /* Sources */,
				C4508BE528BB68F300C17DB2 /* Frameworks */,
				C4508BE628BB68F300C17DB2 /* Resources */,
				EDB3B7BB18BE81FD064D1A53 /* [CP] Embed Pods Frameworks */,
			);
			buildRules = (
			);
			dependencies = (
				C4508BEA28BB68F300C17DB2 /* PBXTargetDependency */,
			);
			name = "VIPER DEMOUITests";
			productName = "VIPER DEMOUITests";
			productReference = C4508BE828BB68F300C17DB2 /* VIPER DEMOUITests.xctest */;
			productType = "com.apple.product-type.bundle.ui-testing";
		};
/* End PBXNativeTarget section */

/* Begin PBXProject section */
		C4508BC028BB68F300C17DB2 /* Project object */ = {
			isa = PBXProject;
			attributes = {
				BuildIndependentTargetsInParallel = 1;
				LastSwiftUpdateCheck = 1340;
				LastUpgradeCheck = 1340;
				TargetAttributes = {
					C4508BC728BB68F300C17DB2 = {
						CreatedOnToolsVersion = 13.4.1;
					};
					C4508BDD28BB68F300C17DB2 = {
						CreatedOnToolsVersion = 13.4.1;
						TestTargetID = C4508BC728BB68F300C17DB2;
					};
					C4508BE728BB68F300C17DB2 = {
						CreatedOnToolsVersion = 13.4.1;
						TestTargetID = C4508BC728BB68F300C17DB2;
					};
				};
			};
			buildConfigurationList = C4508BC328BB68F300C17DB2 /* Build configuration list for PBXProject "VIPER DEMO" */;
			compatibilityVersion = "Xcode 13.0";
			developmentRegion = en;
			hasScannedForEncodings = 0;
			knownRegions = (
				en,
				Base,
			);
			mainGroup = C4508BBF28BB68F300C17DB2;
			productRefGroup = C4508BC928BB68F300C17DB2 /* Products */;
			projectDirPath = "";
			projectRoot = "";
			targets = (
				C4508BC728BB68F300C17DB2 /* VIPER DEMO */,
				C4508BDD28BB68F300C17DB2 /* VIPER DEMOTests */,
				C4508BE728BB68F300C17DB2 /* VIPER DEMOUITests */,
			);
		};
/* End PBXProject section */

/* Begin PBXResourcesBuildPhase section */
		C4508BC628BB68F300C17DB2 /* Resources */ = {
			isa = PBXResourcesBuildPhase;
			buildActionMask = 2147483647;
			files = (
				C4508C2A28BB8A0B00C17DB2 /* DetailsVC.xib in Resources */,
				C4508BFE28BB6A8300C17DB2 /* MatchVC.xib in Resources */,
				C4508BD828BB68F300C17DB2 /* LaunchScreen.storyboard in Resources */,
				C4508C0528BB70CD00C17DB2 /* playerTVC.xib in Resources */,
				C4508BD528BB68F300C17DB2 /* Assets.xcassets in Resources */,
			);
			runOnlyForDeploymentPostprocessing = 0;
		};
		C4508BDC28BB68F300C17DB2 /* Resources */ = {
			isa = PBXResourcesBuildPhase;
			buildActionMask = 2147483647;
			files = (
			);
			runOnlyForDeploymentPostprocessing = 0;
		};
		C4508BE628BB68F300C17DB2 /* Resources */ = {
			isa = PBXResourcesBuildPhase;
			buildActionMask = 2147483647;
			files = (
			);
			runOnlyForDeploymentPostprocessing = 0;
		};
/* End PBXResourcesBuildPhase section */

/* Begin PBXShellScriptBuildPhase section */
		03D3F4918849F75E6D3475EC /* [CP] Check Pods Manifest.lock */ = {
			isa = PBXShellScriptBuildPhase;
			buildActionMask = 2147483647;
			files = (
			);
			inputFileListPaths = (
			);
			inputPaths = (
				"${PODS_PODFILE_DIR_PATH}/Podfile.lock",
				"${PODS_ROOT}/Manifest.lock",
			);
			name = "[CP] Check Pods Manifest.lock";
			outputFileListPaths = (
			);
			outputPaths = (
				"$(DERIVED_FILE_DIR)/Pods-VIPER DEMOTests-checkManifestLockResult.txt",
			);
			runOnlyForDeploymentPostprocessing = 0;
			shellPath = /bin/sh;
			shellScript = "diff \"${PODS_PODFILE_DIR_PATH}/Podfile.lock\" \"${PODS_ROOT}/Manifest.lock\" > /dev/null\nif [ $? != 0 ] ; then\n    # print error to STDERR\n    echo \"error: The sandbox is not in sync with the Podfile.lock. Run 'pod install' or update your CocoaPods installation.\" >&2\n    exit 1\nfi\n# This output is used by Xcode 'outputs' to avoid re-running this script phase.\necho \"SUCCESS\" > \"${SCRIPT_OUTPUT_FILE_0}\"\n";
			showEnvVarsInLog = 0;
		};
		458E046AD6009DD730E06436 /* [CP] Embed Pods Frameworks */ = {
			isa = PBXShellScriptBuildPhase;
			buildActionMask = 2147483647;
			files = (
			);
			inputFileListPaths = (
				"${PODS_ROOT}/Target Support Files/Pods-VIPER DEMO/Pods-VIPER DEMO-frameworks-${CONFIGURATION}-input-files.xcfilelist",
			);
			name = "[CP] Embed Pods Frameworks";
			outputFileListPaths = (
				"${PODS_ROOT}/Target Support Files/Pods-VIPER DEMO/Pods-VIPER DEMO-frameworks-${CONFIGURATION}-output-files.xcfilelist",
			);
			runOnlyForDeploymentPostprocessing = 0;
			shellPath = /bin/sh;
			shellScript = "\"${PODS_ROOT}/Target Support Files/Pods-VIPER DEMO/Pods-VIPER DEMO-frameworks.sh\"\n";
			showEnvVarsInLog = 0;
		};
		54A8F1354CCBEEB6752C6A79 /* [CP] Check Pods Manifest.lock */ = {
			isa = PBXShellScriptBuildPhase;
			buildActionMask = 2147483647;
			files = (
			);
			inputFileListPaths = (
			);
			inputPaths = (
				"${PODS_PODFILE_DIR_PATH}/Podfile.lock",
				"${PODS_ROOT}/Manifest.lock",
			);
			name = "[CP] Check Pods Manifest.lock";
			outputFileListPaths = (
			);
			outputPaths = (
				"$(DERIVED_FILE_DIR)/Pods-VIPER DEMO-VIPER DEMOUITests-checkManifestLockResult.txt",
			);
			runOnlyForDeploymentPostprocessing = 0;
			shellPath = /bin/sh;
			shellScript = "diff \"${PODS_PODFILE_DIR_PATH}/Podfile.lock\" \"${PODS_ROOT}/Manifest.lock\" > /dev/null\nif [ $? != 0 ] ; then\n    # print error to STDERR\n    echo \"error: The sandbox is not in sync with the Podfile.lock. Run 'pod install' or update your CocoaPods installation.\" >&2\n    exit 1\nfi\n# This output is used by Xcode 'outputs' to avoid re-running this script phase.\necho \"SUCCESS\" > \"${SCRIPT_OUTPUT_FILE_0}\"\n";
			showEnvVarsInLog = 0;
		};
		6750F1746608523E78A18515 /* [CP] Check Pods Manifest.lock */ = {
			isa = PBXShellScriptBuildPhase;
			buildActionMask = 2147483647;
			files = (
			);
			inputFileListPaths = (
			);
			inputPaths = (
				"${PODS_PODFILE_DIR_PATH}/Podfile.lock",
				"${PODS_ROOT}/Manifest.lock",
			);
			name = "[CP] Check Pods Manifest.lock";
			outputFileListPaths = (
			);
			outputPaths = (
				"$(DERIVED_FILE_DIR)/Pods-VIPER DEMO-checkManifestLockResult.txt",
			);
			runOnlyForDeploymentPostprocessing = 0;
			shellPath = /bin/sh;
			shellScript = "diff \"${PODS_PODFILE_DIR_PATH}/Podfile.lock\" \"${PODS_ROOT}/Manifest.lock\" > /dev/null\nif [ $? != 0 ] ; then\n    # print error to STDERR\n    echo \"error: The sandbox is not in sync with the Podfile.lock. Run 'pod install' or update your CocoaPods installation.\" >&2\n    exit 1\nfi\n# This output is used by Xcode 'outputs' to avoid re-running this script phase.\necho \"SUCCESS\" > \"${SCRIPT_OUTPUT_FILE_0}\"\n";
			showEnvVarsInLog = 0;
		};
		EDB3B7BB18BE81FD064D1A53 /* [CP] Embed Pods Frameworks */ = {
			isa = PBXShellScriptBuildPhase;
			buildActionMask = 2147483647;
			files = (
			);
			inputFileListPaths = (
				"${PODS_ROOT}/Target Support Files/Pods-VIPER DEMO-VIPER DEMOUITests/Pods-VIPER DEMO-VIPER DEMOUITests-frameworks-${CONFIGURATION}-input-files.xcfilelist",
			);
			name = "[CP] Embed Pods Frameworks";
			outputFileListPaths = (
				"${PODS_ROOT}/Target Support Files/Pods-VIPER DEMO-VIPER DEMOUITests/Pods-VIPER DEMO-VIPER DEMOUITests-frameworks-${CONFIGURATION}-output-files.xcfilelist",
			);
			runOnlyForDeploymentPostprocessing = 0;
			shellPath = /bin/sh;
			shellScript = "\"${PODS_ROOT}/Target Support Files/Pods-VIPER DEMO-VIPER DEMOUITests/Pods-VIPER DEMO-VIPER DEMOUITests-frameworks.sh\"\n";
			showEnvVarsInLog = 0;
		};
/* End PBXShellScriptBuildPhase section */

/* Begin PBXSourcesBuildPhase section */
		C4508BC428BB68F300C17DB2 /* Sources */ = {
			isa = PBXSourcesBuildPhase;
			buildActionMask = 2147483647;
			files = (
				C4508C1828BB78BB00C17DB2 /* ServerManager.swift in Sources */,
				C4508BCC28BB68F300C17DB2 /* AppDelegate.swift in Sources */,
				C4508C1B28BB79D000C17DB2 /* AppConstants.swift in Sources */,
				C4508C2128BB7E9F00C17DB2 /* MatchInteractor.swift in Sources */,
				C4508C0428BB70CD00C17DB2 /* playerTVC.swift in Sources */,
				C4508BFD28BB6A8300C17DB2 /* MatchVC.swift in Sources */,
				C4508C3028BB8DBA00C17DB2 /* DetailsRouter.swift in Sources */,
				C4508C0928BB771E00C17DB2 /* MatchVCModuleBuilder.swift in Sources */,
				C4508C2E28BB8DA600C17DB2 /* DetailsViewPresenter.swift in Sources */,
				C4508C1428BB785700C17DB2 /* NavigationBuilder.swift in Sources */,
				C4508C3228BB8DCD00C17DB2 /* DetailsInteractor.swift in Sources */,
				C4508C0D28BB774E00C17DB2 /* MatchVCPresenter.swift in Sources */,
				C4508C2C28BB8C3300C17DB2 /* DetailsModuleBuilder.swift in Sources */,
				C4508C0F28BB776500C17DB2 /* MatchVCRouter.swift in Sources */,
				C4508C2528BB7F7A00C17DB2 /* NewsDataManager.swift in Sources */,
				C4508C2328BB7F2500C17DB2 /* MatchEntity.swift in Sources */,
				C4508C2928BB8A0B00C17DB2 /* DetailsVC.swift in Sources */,
			);
			runOnlyForDeploymentPostprocessing = 0;
		};
		C4508BDA28BB68F300C17DB2 /* Sources */ = {
			isa = PBXSourcesBuildPhase;
			buildActionMask = 2147483647;
			files = (
				C4508BE328BB68F300C17DB2 /* VIPER_DEMOTests.swift in Sources */,
			);
			runOnlyForDeploymentPostprocessing = 0;
		};
		C4508BE428BB68F300C17DB2 /* Sources */ = {
			isa = PBXSourcesBuildPhase;
			buildActionMask = 2147483647;
			files = (
				C4508BEF28BB68F300C17DB2 /* VIPER_DEMOUITestsLaunchTests.swift in Sources */,
				C4508BED28BB68F300C17DB2 /* VIPER_DEMOUITests.swift in Sources */,
			);
			runOnlyForDeploymentPostprocessing = 0;
		};
/* End PBXSourcesBuildPhase section */

/* Begin PBXTargetDependency section */
		C4508BE028BB68F300C17DB2 /* PBXTargetDependency */ = {
			isa = PBXTargetDependency;
			target = C4508BC728BB68F300C17DB2 /* VIPER DEMO */;
			targetProxy = C4508BDF28BB68F300C17DB2 /* PBXContainerItemProxy */;
		};
		C4508BEA28BB68F300C17DB2 /* PBXTargetDependency */ = {
			isa = PBXTargetDependency;
			target = C4508BC728BB68F300C17DB2 /* VIPER DEMO */;
			targetProxy = C4508BE928BB68F300C17DB2 /* PBXContainerItemProxy */;
		};
/* End PBXTargetDependency section */

/* Begin PBXVariantGroup section */
		C4508BD628BB68F300C17DB2 /* LaunchScreen.storyboard */ = {
			isa = PBXVariantGroup;
			children = (
				C4508BD728BB68F300C17DB2 /* Base */,
			);
			name = LaunchScreen.storyboard;
			sourceTree = "<group>";
		};
/* End PBXVariantGroup section */

/* Begin XCBuildConfiguration section */
		C4508BF028BB68F300C17DB2 /* Debug */ = {
			isa = XCBuildConfiguration;
			buildSettings = {
				ALWAYS_SEARCH_USER_PATHS = NO;
				CLANG_ANALYZER_NONNULL = YES;
				CLANG_ANALYZER_NUMBER_OBJECT_CONVERSION = YES_AGGRESSIVE;
				CLANG_CXX_LANGUAGE_STANDARD = "gnu++17";
				CLANG_ENABLE_MODULES = YES;
				CLANG_ENABLE_OBJC_ARC = YES;
				CLANG_ENABLE_OBJC_WEAK = YES;
				CLANG_WARN_BLOCK_CAPTURE_AUTORELEASING = YES;
				CLANG_WARN_BOOL_CONVERSION = YES;
				CLANG_WARN_COMMA = YES;
				CLANG_WARN_CONSTANT_CONVERSION = YES;
				CLANG_WARN_DEPRECATED_OBJC_IMPLEMENTATIONS = YES;
				CLANG_WARN_DIRECT_OBJC_ISA_USAGE = YES_ERROR;
				CLANG_WARN_DOCUMENTATION_COMMENTS = YES;
				CLANG_WARN_EMPTY_BODY = YES;
				CLANG_WARN_ENUM_CONVERSION = YES;
				CLANG_WARN_INFINITE_RECURSION = YES;
				CLANG_WARN_INT_CONVERSION = YES;
				CLANG_WARN_NON_LITERAL_NULL_CONVERSION = YES;
				CLANG_WARN_OBJC_IMPLICIT_RETAIN_SELF = YES;
				CLANG_WARN_OBJC_LITERAL_CONVERSION = YES;
				CLANG_WARN_OBJC_ROOT_CLASS = YES_ERROR;
				CLANG_WARN_QUOTED_INCLUDE_IN_FRAMEWORK_HEADER = YES;
				CLANG_WARN_RANGE_LOOP_ANALYSIS = YES;
				CLANG_WARN_STRICT_PROTOTYPES = YES;
				CLANG_WARN_SUSPICIOUS_MOVE = YES;
				CLANG_WARN_UNGUARDED_AVAILABILITY = YES_AGGRESSIVE;
				CLANG_WARN_UNREACHABLE_CODE = YES;
				CLANG_WARN__DUPLICATE_METHOD_MATCH = YES;
				COPY_PHASE_STRIP = NO;
				DEBUG_INFORMATION_FORMAT = dwarf;
				ENABLE_STRICT_OBJC_MSGSEND = YES;
				ENABLE_TESTABILITY = YES;
				GCC_C_LANGUAGE_STANDARD = gnu11;
				GCC_DYNAMIC_NO_PIC = NO;
				GCC_NO_COMMON_BLOCKS = YES;
				GCC_OPTIMIZATION_LEVEL = 0;
				GCC_PREPROCESSOR_DEFINITIONS = (
					"DEBUG=1",
					"$(inherited)",
				);
				GCC_WARN_64_TO_32_BIT_CONVERSION = YES;
				GCC_WARN_ABOUT_RETURN_TYPE = YES_ERROR;
				GCC_WARN_UNDECLARED_SELECTOR = YES;
				GCC_WARN_UNINITIALIZED_AUTOS = YES_AGGRESSIVE;
				GCC_WARN_UNUSED_FUNCTION = YES;
				GCC_WARN_UNUSED_VARIABLE = YES;
				IPHONEOS_DEPLOYMENT_TARGET = 15.5;
				MTL_ENABLE_DEBUG_INFO = INCLUDE_SOURCE;
				MTL_FAST_MATH = YES;
				ONLY_ACTIVE_ARCH = YES;
				SDKROOT = iphoneos;
				SWIFT_ACTIVE_COMPILATION_CONDITIONS = DEBUG;
				SWIFT_OPTIMIZATION_LEVEL = "-Onone";
			};
			name = Debug;
		};
		C4508BF128BB68F300C17DB2 /* Release */ = {
			isa = XCBuildConfiguration;
			buildSettings = {
				ALWAYS_SEARCH_USER_PATHS = NO;
				CLANG_ANALYZER_NONNULL = YES;
				CLANG_ANALYZER_NUMBER_OBJECT_CONVERSION = YES_AGGRESSIVE;
				CLANG_CXX_LANGUAGE_STANDARD = "gnu++17";
				CLANG_ENABLE_MODULES = YES;
				CLANG_ENABLE_OBJC_ARC = YES;
				CLANG_ENABLE_OBJC_WEAK = YES;
				CLANG_WARN_BLOCK_CAPTURE_AUTORELEASING = YES;
				CLANG_WARN_BOOL_CONVERSION = YES;
				CLANG_WARN_COMMA = YES;
				CLANG_WARN_CONSTANT_CONVERSION = YES;
				CLANG_WARN_DEPRECATED_OBJC_IMPLEMENTATIONS = YES;
				CLANG_WARN_DIRECT_OBJC_ISA_USAGE = YES_ERROR;
				CLANG_WARN_DOCUMENTATION_COMMENTS = YES;
				CLANG_WARN_EMPTY_BODY = YES;
				CLANG_WARN_ENUM_CONVERSION = YES;
				CLANG_WARN_INFINITE_RECURSION = YES;
				CLANG_WARN_INT_CONVERSION = YES;
				CLANG_WARN_NON_LITERAL_NULL_CONVERSION = YES;
				CLANG_WARN_OBJC_IMPLICIT_RETAIN_SELF = YES;
				CLANG_WARN_OBJC_LITERAL_CONVERSION = YES;
				CLANG_WARN_OBJC_ROOT_CLASS = YES_ERROR;
				CLANG_WARN_QUOTED_INCLUDE_IN_FRAMEWORK_HEADER = YES;
				CLANG_WARN_RANGE_LOOP_ANALYSIS = YES;
				CLANG_WARN_STRICT_PROTOTYPES = YES;
				CLANG_WARN_SUSPICIOUS_MOVE = YES;
				CLANG_WARN_UNGUARDED_AVAILABILITY = YES_AGGRESSIVE;
				CLANG_WARN_UNREACHABLE_CODE = YES;
				CLANG_WARN__DUPLICATE_METHOD_MATCH = YES;
				COPY_PHASE_STRIP = NO;
				DEBUG_INFORMATION_FORMAT = "dwarf-with-dsym";
				ENABLE_NS_ASSERTIONS = NO;
				ENABLE_STRICT_OBJC_MSGSEND = YES;
				GCC_C_LANGUAGE_STANDARD = gnu11;
				GCC_NO_COMMON_BLOCKS = YES;
				GCC_WARN_64_TO_32_BIT_CONVERSION = YES;
				GCC_WARN_ABOUT_RETURN_TYPE = YES_ERROR;
				GCC_WARN_UNDECLARED_SELECTOR = YES;
				GCC_WARN_UNINITIALIZED_AUTOS = YES_AGGRESSIVE;
				GCC_WARN_UNUSED_FUNCTION = YES;
				GCC_WARN_UNUSED_VARIABLE = YES;
				IPHONEOS_DEPLOYMENT_TARGET = 15.5;
				MTL_ENABLE_DEBUG_INFO = NO;
				MTL_FAST_MATH = YES;
				SDKROOT = iphoneos;
				SWIFT_COMPILATION_MODE = wholemodule;
				SWIFT_OPTIMIZATION_LEVEL = "-O";
				VALIDATE_PRODUCT = YES;
			};
			name = Release;
		};
		C4508BF328BB68F300C17DB2 /* Debug */ = {
			isa = XCBuildConfiguration;
			baseConfigurationReference = 74D113565D84DA3007CFB379 /* Pods-VIPER DEMO.debug.xcconfig */;
			buildSettings = {
				ASSETCATALOG_COMPILER_APPICON_NAME = AppIcon;
				ASSETCATALOG_COMPILER_GLOBAL_ACCENT_COLOR_NAME = AccentColor;
				CODE_SIGN_STYLE = Automatic;
				CURRENT_PROJECT_VERSION = 1;
				DEVELOPMENT_TEAM = ZL2GWUMW8K;
				GENERATE_INFOPLIST_FILE = YES;
				INFOPLIST_FILE = "VIPER DEMO/Info.plist";
				INFOPLIST_KEY_UIApplicationSupportsIndirectInputEvents = YES;
				INFOPLIST_KEY_UILaunchStoryboardName = LaunchScreen;
				INFOPLIST_KEY_UISupportedInterfaceOrientations_iPad = "UIInterfaceOrientationPortrait UIInterfaceOrientationPortraitUpsideDown UIInterfaceOrientationLandscapeLeft UIInterfaceOrientationLandscapeRight";
				INFOPLIST_KEY_UISupportedInterfaceOrientations_iPhone = "UIInterfaceOrientationPortrait UIInterfaceOrientationLandscapeLeft UIInterfaceOrientationLandscapeRight";
				LD_RUNPATH_SEARCH_PATHS = (
					"$(inherited)",
					"@executable_path/Frameworks",
				);
				MARKETING_VERSION = 1.0;
				PRODUCT_BUNDLE_IDENTIFIER = "com..VIPER-DEMO";
				PRODUCT_NAME = "$(TARGET_NAME)";
				SWIFT_EMIT_LOC_STRINGS = YES;
				SWIFT_VERSION = 5.0;
				TARGETED_DEVICE_FAMILY = "1,2";
			};
			name = Debug;
		};
		C4508BF428BB68F300C17DB2 /* Release */ = {
			isa = XCBuildConfiguration;
			baseConfigurationReference = 6A301021FD0C52DADBFD1F12 /* Pods-VIPER DEMO.release.xcconfig */;
			buildSettings = {
				ASSETCATALOG_COMPILER_APPICON_NAME = AppIcon;
				ASSETCATALOG_COMPILER_GLOBAL_ACCENT_COLOR_NAME = AccentColor;
				CODE_SIGN_STYLE = Automatic;
				CURRENT_PROJECT_VERSION = 1;
				DEVELOPMENT_TEAM = ZL2GWUMW8K;
				GENERATE_INFOPLIST_FILE = YES;
				INFOPLIST_FILE = "VIPER DEMO/Info.plist";
				INFOPLIST_KEY_UIApplicationSupportsIndirectInputEvents = YES;
				INFOPLIST_KEY_UILaunchStoryboardName = LaunchScreen;
				INFOPLIST_KEY_UISupportedInterfaceOrientations_iPad = "UIInterfaceOrientationPortrait UIInterfaceOrientationPortraitUpsideDown UIInterfaceOrientationLandscapeLeft UIInterfaceOrientationLandscapeRight";
				INFOPLIST_KEY_UISupportedInterfaceOrientations_iPhone = "UIInterfaceOrientationPortrait UIInterfaceOrientationLandscapeLeft UIInterfaceOrientationLandscapeRight";
				LD_RUNPATH_SEARCH_PATHS = (
					"$(inherited)",
					"@executable_path/Frameworks",
				);
				MARKETING_VERSION = 1.0;
				PRODUCT_BUNDLE_IDENTIFIER = "com..VIPER-DEMO";
				PRODUCT_NAME = "$(TARGET_NAME)";
				SWIFT_EMIT_LOC_STRINGS = YES;
				SWIFT_VERSION = 5.0;
				TARGETED_DEVICE_FAMILY = "1,2";
			};
			name = Release;
		};
		C4508BF628BB68F300C17DB2 /* Debug */ = {
			isa = XCBuildConfiguration;
			baseConfigurationReference = 7DDA4E1B317875348CD6C122 /* Pods-VIPER DEMOTests.debug.xcconfig */;
			buildSettings = {
				ALWAYS_EMBED_SWIFT_STANDARD_LIBRARIES = YES;
				BUNDLE_LOADER = "$(TEST_HOST)";
				CODE_SIGN_STYLE = Automatic;
				CURRENT_PROJECT_VERSION = 1;
				DEVELOPMENT_TEAM = ZL2GWUMW8K;
				GENERATE_INFOPLIST_FILE = YES;
				IPHONEOS_DEPLOYMENT_TARGET = 15.5;
				MARKETING_VERSION = 1.0;
				PRODUCT_BUNDLE_IDENTIFIER = "com..VIPER-DEMOTests";
				PRODUCT_NAME = "$(TARGET_NAME)";
				SWIFT_EMIT_LOC_STRINGS = NO;
				SWIFT_VERSION = 5.0;
				TARGETED_DEVICE_FAMILY = "1,2";
				TEST_HOST = "$(BUILT_PRODUCTS_DIR)/VIPER DEMO.app/VIPER DEMO";
			};
			name = Debug;
		};
		C4508BF728BB68F300C17DB2 /* Release */ = {
			isa = XCBuildConfiguration;
			baseConfigurationReference = DB23C00A5FB35F2CA252122A /* Pods-VIPER DEMOTests.release.xcconfig */;
			buildSettings = {
				ALWAYS_EMBED_SWIFT_STANDARD_LIBRARIES = YES;
				BUNDLE_LOADER = "$(TEST_HOST)";
				CODE_SIGN_STYLE = Automatic;
				CURRENT_PROJECT_VERSION = 1;
				DEVELOPMENT_TEAM = ZL2GWUMW8K;
				GENERATE_INFOPLIST_FILE = YES;
				IPHONEOS_DEPLOYMENT_TARGET = 15.5;
				MARKETING_VERSION = 1.0;
				PRODUCT_BUNDLE_IDENTIFIER = "com..VIPER-DEMOTests";
				PRODUCT_NAME = "$(TARGET_NAME)";
				SWIFT_EMIT_LOC_STRINGS = NO;
				SWIFT_VERSION = 5.0;
				TARGETED_DEVICE_FAMILY = "1,2";
				TEST_HOST = "$(BUILT_PRODUCTS_DIR)/VIPER DEMO.app/VIPER DEMO";
			};
			name = Release;
		};
		C4508BF928BB68F300C17DB2 /* Debug */ = {
			isa = XCBuildConfiguration;
			baseConfigurationReference = F17E5610E2A0E6B28011D4E9 /* Pods-VIPER DEMO-VIPER DEMOUITests.debug.xcconfig */;
			buildSettings = {
				ALWAYS_EMBED_SWIFT_STANDARD_LIBRARIES = YES;
				CODE_SIGN_STYLE = Automatic;
				CURRENT_PROJECT_VERSION = 1;
				DEVELOPMENT_TEAM = ZL2GWUMW8K;
				GENERATE_INFOPLIST_FILE = YES;
				MARKETING_VERSION = 1.0;
				PRODUCT_BUNDLE_IDENTIFIER = "com..VIPER-DEMOUITests";
				PRODUCT_NAME = "$(TARGET_NAME)";
				SWIFT_EMIT_LOC_STRINGS = NO;
				SWIFT_VERSION = 5.0;
				TARGETED_DEVICE_FAMILY = "1,2";
				TEST_TARGET_NAME = "VIPER DEMO";
			};
			name = Debug;
		};
		C4508BFA28BB68F300C17DB2 /* Release */ = {
			isa = XCBuildConfiguration;
			baseConfigurationReference = 406EA18E502C181BC0C3BDC9 /* Pods-VIPER DEMO-VIPER DEMOUITests.release.xcconfig */;
			buildSettings = {
				ALWAYS_EMBED_SWIFT_STANDARD_LIBRARIES = YES;
				CODE_SIGN_STYLE = Automatic;
				CURRENT_PROJECT_VERSION = 1;
				DEVELOPMENT_TEAM = ZL2GWUMW8K;
				GENERATE_INFOPLIST_FILE = YES;
				MARKETING_VERSION = 1.0;
				PRODUCT_BUNDLE_IDENTIFIER = "com..VIPER-DEMOUITests";
				PRODUCT_NAME = "$(TARGET_NAME)";
				SWIFT_EMIT_LOC_STRINGS = NO;
				SWIFT_VERSION = 5.0;
				TARGETED_DEVICE_FAMILY = "1,2";
				TEST_TARGET_NAME = "VIPER DEMO";
			};
			name = Release;
		};
/* End XCBuildConfiguration section */

/* Begin XCConfigurationList section */
		C4508BC328BB68F300C17DB2 /* Build configuration list for PBXProject "VIPER DEMO" */ = {
			isa = XCConfigurationList;
			buildConfigurations = (
				C4508BF028BB68F300C17DB2 /* Debug */,
				C4508BF128BB68F300C17DB2 /* Release */,
			);
			defaultConfigurationIsVisible = 0;
			defaultConfigurationName = Release;
		};
		C4508BF228BB68F300C17DB2 /* Build configuration list for PBXNativeTarget "VIPER DEMO" */ = {
			isa = XCConfigurationList;
			buildConfigurations = (
				C4508BF328BB68F300C17DB2 /* Debug */,
				C4508BF428BB68F300C17DB2 /* Release */,
			);
			defaultConfigurationIsVisible = 0;
			defaultConfigurationName = Release;
		};
		C4508BF528BB68F300C17DB2 /* Build configuration list for PBXNativeTarget "VIPER DEMOTests" */ = {
			isa = XCConfigurationList;
			buildConfigurations = (
				C4508BF628BB68F300C17DB2 /* Debug */,
				C4508BF728BB68F300C17DB2 /* Release */,
			);
			defaultConfigurationIsVisible = 0;
			defaultConfigurationName = Release;
		};
		C4508BF828BB68F300C17DB2 /* Build configuration list for PBXNativeTarget "VIPER DEMOUITests" */ = {
			isa = XCConfigurationList;
			buildConfigurations = (
				C4508BF928BB68F300C17DB2 /* Debug */,
				C4508BFA28BB68F300C17DB2 /* Release */,
			);
			defaultConfigurationIsVisible = 0;
			defaultConfigurationName = Release;
		};
/* End XCConfigurationList section */
	};
	rootObject = C4508BC028BB68F300C17DB2 /* Project object */;
}
